
Microsoft Visual Studio Solution File, Format Version 12.00
# Visual Studio 2012
Project("{FAE04EC0-301F-11D3-BF4B-00C04F79EFBC}") = "LoginApplication", "LoginApplication\LoginApplication.csproj", "{EEEB1AD4-E8B8-4227-B617-2D351D893ED3}"
EndProject
Global
	GlobalSection(SolutionConfigurationPlatforms) = preSolution
		Debug|Any CPU = Debug|Any CPU
		Release|Any CPU = Release|Any CPU
	EndGlobalSection
	GlobalSection(ProjectConfigurationPlatforms) = postSolution
		{EEEB1AD4-E8B8-4227-B617-2D351D893ED3}.Debug|Any CPU.ActiveCfg = Debug|Any CPU
		{EEEB1AD4-E8B8-4227-B617-2D351D893ED3}.Debug|Any CPU.Build.0 = Debug|Any CPU
		{EEEB1AD4-E8B8-4227-B617-2D351D893ED3}.Release|Any CPU.ActiveCfg = Release|Any CPU
		{EEEB1AD4-E8B8-4227-B617-2D351D893ED3}.Release|Any CPU.Build.0 = Release|Any CPU
	EndGlobalSection
	GlobalSection(SolutionProperties) = preSolution
		HideSolutionNode = FALSE
	EndGlobalSection
EndGlobal
